# This file is automatically @generated by Poetry 1.5.1 and should not be changed by hand.

[[package]]
name = "bidict"
version = "0.22.1"
description = "The bidirectional mapping library for Python."
optional = false
python-versions = ">=3.7"
files = [
    {file = "bidict-0.22.1-py3-none-any.whl", hash = "sha256:6ef212238eb884b664f28da76f33f1d28b260f665fc737b413b287d5487d1e7b"},
    {file = "bidict-0.22.1.tar.gz", hash = "sha256:1e0f7f74e4860e6d0943a05d4134c63a2fad86f3d4732fb265bd79e4e856d81d"},
]

[package.extras]
docs = ["furo", "sphinx", "sphinx-copybutton"]
lint = ["pre-commit"]
test = ["hypothesis", "pytest", "pytest-benchmark[histogram]", "pytest-cov", "pytest-xdist", "sortedcollections", "sortedcontainers", "sphinx"]

[[package]]
name = "python-engineio"
version = "4.7.0"
description = "Engine.IO server and client for Python"
optional = false
python-versions = ">=3.6"
files = [
    {file = "python-engineio-4.7.0.tar.gz", hash = "sha256:8b4f30ba58a5bff001801127227f44a1da0c0a22045f798c1a13ebb0d618e2a3"},
    {file = "python_engineio-4.7.0-py3-none-any.whl", hash = "sha256:23b05b768d61c281104d8c69e069cea356b2e60aa982f718cdf1731719ce2803"},
]

[package.extras]
asyncio-client = ["aiohttp (>=3.4)"]
client = ["requests (>=2.21.0)", "websocket-client (>=0.54.0)"]
docs = ["sphinx"]

[[package]]
name = "python-socketio"
version = "5.9.0"
description = "Socket.IO server and client for Python"
optional = false
python-versions = ">=3.6"
files = [
    {file = "python-socketio-5.9.0.tar.gz", hash = "sha256:dc42735f65534187f381fde291ebf620216a4960001370f32de940229b2e7f8f"},
    {file = "python_socketio-5.9.0-py3-none-any.whl", hash = "sha256:c20f12e4ed0cba57581af26bbeea9998bc2eeebb3b952fa92493a1e051cfe9dc"},
]

[package.dependencies]
bidict = ">=0.21.0"
python-engineio = ">=4.7.0"

[package.extras]
asyncio-client = ["aiohttp (>=3.4)"]
client = ["requests (>=2.21.0)", "websocket-client (>=0.54.0)"]
docs = ["sphinx"]

[metadata]
lock-version = "2.0"
python-versions = "^3.10"
content-hash = "e0c257d61416b1ea042587b5724aa62e2db664bac890f07e741620398873a40c"
